
Microsoft Visual Studio Solution File, Format Version 12.00
# Visual Studio Version 17
VisualStudioVersion = 17.3.32819.101
MinimumVisualStudioVersion = 10.0.40219.1
Project("{FAE04EC0-301F-11D3-BF4B-00C04F79EFBC}") = "DoAnWebTruyenTranh", "DoAnWebTruyenTranh.csproj", "{CBD2FB30-6C9B-43E5-859B-3AFF92414AF4}"
EndProject
Global
	GlobalSection(SolutionConfigurationPlatforms) = preSolution
		Debug|Any CPU = Debug|Any CPU
		Release|Any CPU = Release|Any CPU
	EndGlobalSection
	GlobalSection(ProjectConfigurationPlatforms) = postSolution
		{CBD2FB30-6C9B-43E5-859B-3AFF92414AF4}.Debug|Any CPU.ActiveCfg = Debug|Any CPU
		{CBD2FB30-6C9B-43E5-859B-3AFF92414AF4}.Debug|Any CPU.Build.0 = Debug|Any CPU
		{CBD2FB30-6C9B-43E5-859B-3AFF92414AF4}.Release|Any CPU.ActiveCfg = Release|Any CPU
		{CBD2FB30-6C9B-43E5-859B-3AFF92414AF4}.Release|Any CPU.Build.0 = Release|Any CPU
	EndGlobalSection
	GlobalSection(SolutionProperties) = preSolution
		HideSolutionNode = FALSE
	EndGlobalSection
	GlobalSection(ExtensibilityGlobals) = postSolution
		SolutionGuid = {FA28103B-EDF3-471A-BE98-942C844CE24E}
	EndGlobalSection
EndGlobal
